
Microsoft Visual Studio Solution File, Format Version 12.00
# Visual Studio Version 16
VisualStudioVersion = 16.0.33027.164
MinimumVisualStudioVersion = 10.0.40219.1
Project("{FAE04EC0-301F-11D3-BF4B-00C04F79EFBC}") = "MobileDataSearch", "MobileDataSearch\MobileDataSearch.csproj", "{155D2913-2035-46A2-AA27-592A43C71E6F}"
EndProject
Global
	GlobalSection(SolutionConfigurationPlatforms) = preSolution
		Debug|Any CPU = Debug|Any CPU
		Release|Any CPU = Release|Any CPU
	EndGlobalSection
	GlobalSection(ProjectConfigurationPlatforms) = postSolution
		{155D2913-2035-46A2-AA27-592A43C71E6F}.Debug|Any CPU.ActiveCfg = Debug|Any CPU
		{155D2913-2035-46A2-AA27-592A43C71E6F}.Debug|Any CPU.Build.0 = Debug|Any CPU
		{155D2913-2035-46A2-AA27-592A43C71E6F}.Release|Any CPU.ActiveCfg = Release|Any CPU
		{155D2913-2035-46A2-AA27-592A43C71E6F}.Release|Any CPU.Build.0 = Release|Any CPU
	EndGlobalSection
	GlobalSection(SolutionProperties) = preSolution
		HideSolutionNode = FALSE
	EndGlobalSection
	GlobalSection(ExtensibilityGlobals) = postSolution
		SolutionGuid = {8EB90DF1-6D0F-4379-90BF-AA9A5C0BB9EE}
	EndGlobalSection
EndGlobal
